# This file is autogenerated, do not edit; changes may be undone by the next 'dep ensure'.


[[projects]]
  name = "github.com/artyom/autoflags"
  packages = ["."]
  revision = "250b3e94f14844d446437ad18b81f34f1ba5e5cf"
  version = "v1.1.0"

[[projects]]
  branch = "master"
  name = "github.com/artyom/meminfo"
  packages = ["."]
  revision = "300073f552bc1567951de261ce337403e6729c7f"

[[projects]]
  branch = "master"
  name = "github.com/davecheney/loadavg"
  packages = ["."]
  revision = "6c9d7c1ebf46d79d5d18fa65f62b4ac092cfc50d"

[[projects]]
  branch = "master"
  name = "github.com/mediocregopher/radix.v2"
  packages = ["redis"]
  revision = "47da4d0e14739b95177d6e1e8521bb4f2ac84f59"

[solve-meta]
  analyzer-name = "dep"
  analyzer-version = 1
  inputs-digest = "77e757ceb368ea173f4affb24b3f4e61dd8ee639218d89488f43a7d7c557740c"
  solver-name = "gps-cdcl"
  solver-version = 1
